// !$*UTF8*$!
{
	archiveVersion = 1;
	classes = {
	};
	objectVersion = 46;
	objects = {

/* Begin PBXBuildFile section */
		6DE61DDF1CCAEDE500C21880 /* Web.storyboard in Resources */ = {isa = PBXBuildFile; fileRef = 6DE61DDE1CCAEDE500C21880 /* Web.storyboard */; };
		6DE61DE71CCAEFFC00C21880 /* CodeViewController.m in Sources */ = {isa = PBXBuildFile; fileRef = 6DE61DE61CCAEFFC00C21880 /* CodeViewController.m */; };
		6DE61DEC1CCAF41000C21880 /* CodeMenuViewController.m in Sources */ = {isa = PBXBuildFile; fileRef = 6DE61DEA1CCAF41000C21880 /* CodeMenuViewController.m */; };
		6DE61DED1CCAF41000C21880 /* CodeMenuViewController.xib in Resources */ = {isa = PBXBuildFile; fileRef = 6DE61DEB1CCAF41000C21880 /* CodeMenuViewController.xib */; };
		6DEEDFD31CC8F8BA00343239 /* main.m in Sources */ = {isa = PBXBuildFile; fileRef = 6DEEDFD21CC8F8BA00343239 /* main.m */; };
		6DEEDFD61CC8F8BA00343239 /* AppDelegate.m in Sources */ = {isa = PBXBuildFile; fileRef = 6DEEDFD51CC8F8BA00343239 /* AppDelegate.m */; };
		D20A8F091CC9C85C00496121 /* CoreDataTableViewController.m in Sources */ = {isa = PBXBuildFile; fileRef = D20A8F081CC9C85C00496121 /* CoreDataTableViewController.m */; };
		D20A8F0C1CC9C87600496121 /* MenuTableViewController.m in Sources */ = {isa = PBXBuildFile; fileRef = D20A8F0B1CC9C87600496121 /* MenuTableViewController.m */; };
		D20A8F0F1CC9C93000496121 /* Menu.storyboard in Resources */ = {isa = PBXBuildFile; fileRef = D20A8F0E1CC9C93000496121 /* Menu.storyboard */; };
		D20A8F111CC9CA3800496121 /* CoreData.storyboard in Resources */ = {isa = PBXBuildFile; fileRef = D20A8F101CC9CA3800496121 /* CoreData.storyboard */; };
		D20A8F151CC9CA5200496121 /* StoryboardPerform.m in Sources */ = {isa = PBXBuildFile; fileRef = D20A8F141CC9CA5200496121 /* StoryboardPerform.m */; };
		D20A8F191CC9CA8500496121 /* Study.plist in Resources */ = {isa = PBXBuildFile; fileRef = D20A8F181CC9CA8500496121 /* Study.plist */; };
		D20A8F1C1CC9CAB000496121 /* Assets.xcassets in Resources */ = {isa = PBXBuildFile; fileRef = D20A8F1B1CC9CAB000496121 /* Assets.xcassets */; };
		D20A8F201CC9CAE900496121 /* PFXIOSStudy.xcdatamodeld in Sources */ = {isa = PBXBuildFile; fileRef = D20A8F1E1CC9CAE900496121 /* PFXIOSStudy.xcdatamodeld */; };
		D20A8F221CC9CB2D00496121 /* LaunchScreen.storyboard in Resources */ = {isa = PBXBuildFile; fileRef = D20A8F211CC9CB2D00496121 /* LaunchScreen.storyboard */; };
		D20A8F2A1CC9D1FB00496121 /* CoreDataManager.m in Sources */ = {isa = PBXBuildFile; fileRef = D20A8F291CC9D1FB00496121 /* CoreDataManager.m */; };
		D26708421CCDC426003253EA /* Container.storyboard in Resources */ = {isa = PBXBuildFile; fileRef = D26708411CCDC426003253EA /* Container.storyboard */; };
		D26708461CCDC7BE003253EA /* ContainerViewController.m in Sources */ = {isa = PBXBuildFile; fileRef = D26708451CCDC7BE003253EA /* ContainerViewController.m */; };
		D26708491CCDC817003253EA /* SwapViewController.m in Sources */ = {isa = PBXBuildFile; fileRef = D26708481CCDC817003253EA /* SwapViewController.m */; };
		D26708621CCE0950003253EA /* EmptySegue.m in Sources */ = {isa = PBXBuildFile; fileRef = D26708611CCE0950003253EA /* EmptySegue.m */; };
/* End PBXBuildFile section */

/* Begin PBXFileReference section */
		6DE61DDE1CCAEDE500C21880 /* Web.storyboard */ = {isa = PBXFileReference; fileEncoding = 4; lastKnownFileType = file.storyboard; name = Web.storyboard; path = Storyboards/Web.storyboard; sourceTree = "<group>"; };
		6DE61DE51CCAEFFC00C21880 /* CodeViewController.h */ = {isa = PBXFileReference; fileEncoding = 4; lastKnownFileType = sourcecode.c.h; name = CodeViewController.h; path = Controllers/CodeViewController.h; sourceTree = "<group>"; };
		6DE61DE61CCAEFFC00C21880 /* CodeViewController.m */ = {isa = PBXFileReference; fileEncoding = 4; lastKnownFileType = sourcecode.c.objc; name = CodeViewController.m; path = Controllers/CodeViewController.m; sourceTree = "<group>"; };
		6DE61DE91CCAF41000C21880 /* CodeMenuViewController.h */ = {isa = PBXFileReference; fileEncoding = 4; lastKnownFileType = sourcecode.c.h; name = CodeMenuViewController.h; path = Xibs/CodeMenuViewController.h; sourceTree = "<group>"; };
		6DE61DEA1CCAF41000C21880 /* CodeMenuViewController.m */ = {isa = PBXFileReference; fileEncoding = 4; lastKnownFileType = sourcecode.c.objc; name = CodeMenuViewController.m; path = Xibs/CodeMenuViewController.m; sourceTree = "<group>"; };
		6DE61DEB1CCAF41000C21880 /* CodeMenuViewController.xib */ = {isa = PBXFileReference; fileEncoding = 4; lastKnownFileType = file.xib; name = CodeMenuViewController.xib; path = Xibs/CodeMenuViewController.xib; sourceTree = "<group>"; };
		6DEEDFCE1CC8F8BA00343239 /* PFXIOSStudy.app */ = {isa = PBXFileReference; explicitFileType = wrapper.application; includeInIndex = 0; path = PFXIOSStudy.app; sourceTree = BUILT_PRODUCTS_DIR; };
		6DEEDFD21CC8F8BA00343239 /* main.m */ = {isa = PBXFileReference; lastKnownFileType = sourcecode.c.objc; path = main.m; sourceTree = "<group>"; };
		6DEEDFD41CC8F8BA00343239 /* AppDelegate.h */ = {isa = PBXFileReference; lastKnownFileType = sourcecode.c.h; path = AppDelegate.h; sourceTree = "<group>"; };
		6DEEDFD51CC8F8BA00343239 /* AppDelegate.m */ = {isa = PBXFileReference; lastKnownFileType = sourcecode.c.objc; path = AppDelegate.m; sourceTree = "<group>"; };
		6DEEDFE51CC8F8BA00343239 /* Info.plist */ = {isa = PBXFileReference; lastKnownFileType = text.plist.xml; path = Info.plist; sourceTree = "<group>"; };
		D20A8F071CC9C85C00496121 /* CoreDataTableViewController.h */ = {isa = PBXFileReference; fileEncoding = 4; lastKnownFileType = sourcecode.c.h; name = CoreDataTableViewController.h; path = Controllers/CoreDataTableViewController.h; sourceTree = "<group>"; };
		D20A8F081CC9C85C00496121 /* CoreDataTableViewController.m */ = {isa = PBXFileReference; fileEncoding = 4; lastKnownFileType = sourcecode.c.objc; name = CoreDataTableViewController.m; path = Controllers/CoreDataTableViewController.m; sourceTree = "<group>"; };
		D20A8F0A1CC9C87600496121 /* MenuTableViewController.h */ = {isa = PBXFileReference; fileEncoding = 4; lastKnownFileType = sourcecode.c.h; name = MenuTableViewController.h; path = Controllers/MenuTableViewController.h; sourceTree = "<group>"; };
		D20A8F0B1CC9C87600496121 /* MenuTableViewController.m */ = {isa = PBXFileReference; fileEncoding = 4; lastKnownFileType = sourcecode.c.objc; name = MenuTableViewController.m; path = Controllers/MenuTableViewController.m; sourceTree = "<group>"; };
		D20A8F0E1CC9C93000496121 /* Menu.storyboard */ = {isa = PBXFileReference; fileEncoding = 4; lastKnownFileType = file.storyboard; name = Menu.storyboard; path = Storyboards/Menu.storyboard; sourceTree = "<group>"; };
		D20A8F101CC9CA3800496121 /* CoreData.storyboard */ = {isa = PBXFileReference; fileEncoding = 4; lastKnownFileType = file.storyboard; name = CoreData.storyboard; path = Storyboards/CoreData.storyboard; sourceTree = "<group>"; };
		D20A8F131CC9CA5200496121 /* StoryboardPerform.h */ = {isa = PBXFileReference; fileEncoding = 4; lastKnownFileType = sourcecode.c.h; name = StoryboardPerform.h; path = Performs/StoryboardPerform.h; sourceTree = "<group>"; };
		D20A8F141CC9CA5200496121 /* StoryboardPerform.m */ = {isa = PBXFileReference; fileEncoding = 4; lastKnownFileType = sourcecode.c.objc; name = StoryboardPerform.m; path = Performs/StoryboardPerform.m; sourceTree = "<group>"; };
		D20A8F181CC9CA8500496121 /* Study.plist */ = {isa = PBXFileReference; fileEncoding = 4; lastKnownFileType = text.plist.xml; name = Study.plist; path = Resources/Files/Study.plist; sourceTree = "<group>"; };
		D20A8F1B1CC9CAB000496121 /* Assets.xcassets */ = {isa = PBXFileReference; lastKnownFileType = folder.assetcatalog; path = Assets.xcassets; sourceTree = "<group>"; };
		D20A8F1F1CC9CAE900496121 /* PFXIOSStudy.xcdatamodel */ = {isa = PBXFileReference; lastKnownFileType = wrapper.xcdatamodel; path = PFXIOSStudy.xcdatamodel; sourceTree = "<group>"; };
		D20A8F211CC9CB2D00496121 /* LaunchScreen.storyboard */ = {isa = PBXFileReference; fileEncoding = 4; lastKnownFileType = file.storyboard; name = LaunchScreen.storyboard; path = Storyboards/LaunchScreen.storyboard; sourceTree = "<group>"; };
		D20A8F231CC9CB5900496121 /* PrefixHeader.pch */ = {isa = PBXFileReference; lastKnownFileType = sourcecode.c.h; name = PrefixHeader.pch; path = "Supporting Files/PrefixHeader.pch"; sourceTree = "<group>"; };
		D20A8F261CC9CC9200496121 /* Enums.h */ = {isa = PBXFileReference; lastKnownFileType = sourcecode.c.h; name = Enums.h; path = Commons/Enums.h; sourceTree = "<group>"; };
		D20A8F281CC9D1FB00496121 /* CoreDataManager.h */ = {isa = PBXFileReference; fileEncoding = 4; lastKnownFileType = sourcecode.c.h; name = CoreDataManager.h; path = Managers/CoreDataManager.h; sourceTree = "<group>"; };
		D20A8F291CC9D1FB00496121 /* CoreDataManager.m */ = {isa = PBXFileReference; fileEncoding = 4; lastKnownFileType = sourcecode.c.objc; name = CoreDataManager.m; path = Managers/CoreDataManager.m; sourceTree = "<group>"; };
		D20A8F2E1CC9D3CB00496121 /* Defines.h */ = {isa = PBXFileReference; lastKnownFileType = sourcecode.c.h; name = Defines.h; path = Commons/Defines.h; sourceTree = "<group>"; };
		D26708411CCDC426003253EA /* Container.storyboard */ = {isa = PBXFileReference; fileEncoding = 4; lastKnownFileType = file.storyboard; name = Container.storyboard; path = Storyboards/Container.storyboard; sourceTree = "<group>"; };
		D26708441CCDC7BE003253EA /* ContainerViewController.h */ = {isa = PBXFileReference; fileEncoding = 4; lastKnownFileType = sourcecode.c.h; name = ContainerViewController.h; path = Controllers/ContainerViewController.h; sourceTree = "<group>"; };
		D26708451CCDC7BE003253EA /* ContainerViewController.m */ = {isa = PBXFileReference; fileEncoding = 4; lastKnownFileType = sourcecode.c.objc; name = ContainerViewController.m; path = Controllers/ContainerViewController.m; sourceTree = "<group>"; };
		D26708471CCDC817003253EA /* SwapViewController.h */ = {isa = PBXFileReference; fileEncoding = 4; lastKnownFileType = sourcecode.c.h; name = SwapViewController.h; path = Controllers/SwapViewController.h; sourceTree = "<group>"; };
		D26708481CCDC817003253EA /* SwapViewController.m */ = {isa = PBXFileReference; fileEncoding = 4; lastKnownFileType = sourcecode.c.objc; name = SwapViewController.m; path = Controllers/SwapViewController.m; sourceTree = "<group>"; };
		D26708601CCE0950003253EA /* EmptySegue.h */ = {isa = PBXFileReference; fileEncoding = 4; lastKnownFileType = sourcecode.c.h; name = EmptySegue.h; path = Commons/EmptySegue.h; sourceTree = "<group>"; };
		D26708611CCE0950003253EA /* EmptySegue.m */ = {isa = PBXFileReference; fileEncoding = 4; lastKnownFileType = sourcecode.c.objc; name = EmptySegue.m; path = Commons/EmptySegue.m; sourceTree = "<group>"; };
/* End PBXFileReference section */

/* Begin PBXFrameworksBuildPhase section */
		6DEEDFCB1CC8F8BA00343239 /* Frameworks */ = {
			isa = PBXFrameworksBuildPhase;
			buildActionMask = 2147483647;
			files = (
			);
			runOnlyForDeploymentPostprocessing = 0;
		};
/* End PBXFrameworksBuildPhase section */

/* Begin PBXGroup section */
		6DE61DE01CCAEF0F00C21880 /* Thirds */ = {
			isa = PBXGroup;
			children = (
			);
			name = Thirds;
			sourceTree = "<group>";
		};
		6DE61DE81CCAF3F100C21880 /* Xibs */ = {
			isa = PBXGroup;
			children = (
				6DE61DE91CCAF41000C21880 /* CodeMenuViewController.h */,
				6DE61DEA1CCAF41000C21880 /* CodeMenuViewController.m */,
				6DE61DEB1CCAF41000C21880 /* CodeMenuViewController.xib */,
			);
			name = Xibs;
			sourceTree = "<group>";
		};
		6DEEDFC51CC8F8BA00343239 = {
			isa = PBXGroup;
			children = (
				6DEEDFD01CC8F8BA00343239 /* PFXIOSStudy */,
				6DEEDFCF1CC8F8BA00343239 /* Products */,
			);
			sourceTree = "<group>";
		};
		6DEEDFCF1CC8F8BA00343239 /* Products */ = {
			isa = PBXGroup;
			children = (
				6DEEDFCE1CC8F8BA00343239 /* PFXIOSStudy.app */,
			);
			name = Products;
			sourceTree = "<group>";
		};
		6DEEDFD01CC8F8BA00343239 /* PFXIOSStudy */ = {
			isa = PBXGroup;
			children = (
				6DEEDFD41CC8F8BA00343239 /* AppDelegate.h */,
				6DEEDFD51CC8F8BA00343239 /* AppDelegate.m */,
				D20A8F251CC9CC7C00496121 /* Commons */,
				D20A8F061CC9C83B00496121 /* Controllers */,
				D20A8F271CC9D1D300496121 /* Managers */,
				D20A8F121CC9CA3C00496121 /* Performs */,
				D20A8F161CC9CA6500496121 /* Resources */,
				D20A8F0D1CC9C91300496121 /* StoryBoards */,
				6DEEDFD11CC8F8BA00343239 /* Supporting Files */,
				6DE61DE01CCAEF0F00C21880 /* Thirds */,
				6DE61DE81CCAF3F100C21880 /* Xibs */,
			);
			path = PFXIOSStudy;
			sourceTree = "<group>";
		};
		6DEEDFD11CC8F8BA00343239 /* Supporting Files */ = {
			isa = PBXGroup;
			children = (
				6DEEDFE51CC8F8BA00343239 /* Info.plist */,
				6DEEDFD21CC8F8BA00343239 /* main.m */,
				D20A8F231CC9CB5900496121 /* PrefixHeader.pch */,
			);
			name = "Supporting Files";
			sourceTree = "<group>";
		};
		D20A8F061CC9C83B00496121 /* Controllers */ = {
			isa = PBXGroup;
			children = (
				D20A8F071CC9C85C00496121 /* CoreDataTableViewController.h */,
				D20A8F081CC9C85C00496121 /* CoreDataTableViewController.m */,
				D20A8F0A1CC9C87600496121 /* MenuTableViewController.h */,
				D20A8F0B1CC9C87600496121 /* MenuTableViewController.m */,
				6DE61DE51CCAEFFC00C21880 /* CodeViewController.h */,
				6DE61DE61CCAEFFC00C21880 /* CodeViewController.m */,
				D26708441CCDC7BE003253EA /* ContainerViewController.h */,
				D26708451CCDC7BE003253EA /* ContainerViewController.m */,
				D26708471CCDC817003253EA /* SwapViewController.h */,
				D26708481CCDC817003253EA /* SwapViewController.m */,
			);
			name = Controllers;
			sourceTree = "<group>";
		};
		D20A8F0D1CC9C91300496121 /* StoryBoards */ = {
			isa = PBXGroup;
			children = (
				D20A8F101CC9CA3800496121 /* CoreData.storyboard */,
				D20A8F211CC9CB2D00496121 /* LaunchScreen.storyboard */,
				D20A8F0E1CC9C93000496121 /* Menu.storyboard */,
				6DE61DDE1CCAEDE500C21880 /* Web.storyboard */,
				D26708411CCDC426003253EA /* Container.storyboard */,
			);
			name = StoryBoards;
			sourceTree = "<group>";
		};
		D20A8F121CC9CA3C00496121 /* Performs */ = {
			isa = PBXGroup;
			children = (
				D20A8F131CC9CA5200496121 /* StoryboardPerform.h */,
				D20A8F141CC9CA5200496121 /* StoryboardPerform.m */,
			);
			name = Performs;
			sourceTree = "<group>";
		};
		D20A8F161CC9CA6500496121 /* Resources */ = {
			isa = PBXGroup;
			children = (
				D20A8F1D1CC9CAE900496121 /* DataModels */,
				D20A8F171CC9CA6A00496121 /* Files */,
				D20A8F1A1CC9CAB000496121 /* Images */,
			);
			name = Resources;
			sourceTree = "<group>";
		};
		D20A8F171CC9CA6A00496121 /* Files */ = {
			isa = PBXGroup;
			children = (
				D20A8F181CC9CA8500496121 /* Study.plist */,
			);
			name = Files;
			sourceTree = "<group>";
		};
		D20A8F1A1CC9CAB000496121 /* Images */ = {
			isa = PBXGroup;
			children = (
				D20A8F1B1CC9CAB000496121 /* Assets.xcassets */,
			);
			name = Images;
			path = Resources/Images;
			sourceTree = "<group>";
		};
		D20A8F1D1CC9CAE900496121 /* DataModels */ = {
			isa = PBXGroup;
			children = (
				D20A8F1E1CC9CAE900496121 /* PFXIOSStudy.xcdatamodeld */,
			);
			name = DataModels;
			path = Resources/DataModels;
			sourceTree = "<group>";
		};
		D20A8F251CC9CC7C00496121 /* Commons */ = {
			isa = PBXGroup;
			children = (
				D20A8F2E1CC9D3CB00496121 /* Defines.h */,
				D26708601CCE0950003253EA /* EmptySegue.h */,
				D26708611CCE0950003253EA /* EmptySegue.m */,
				D20A8F261CC9CC9200496121 /* Enums.h */,
			);
			name = Commons;
			sourceTree = "<group>";
		};
		D20A8F271CC9D1D300496121 /* Managers */ = {
			isa = PBXGroup;
			children = (
				D20A8F281CC9D1FB00496121 /* CoreDataManager.h */,
				D20A8F291CC9D1FB00496121 /* CoreDataManager.m */,
			);
			name = Managers;
			sourceTree = "<group>";
		};
/* End PBXGroup section */

/* Begin PBXNativeTarget section */
		6DEEDFCD1CC8F8BA00343239 /* PFXIOSStudy */ = {
			isa = PBXNativeTarget;
			buildConfigurationList = 6DEEDFE81CC8F8BA00343239 /* Build configuration list for PBXNativeTarget "PFXIOSStudy" */;
			buildPhases = (
				6DEEDFCA1CC8F8BA00343239 /* Sources */,
				6DEEDFCB1CC8F8BA00343239 /* Frameworks */,
				6DEEDFCC1CC8F8BA00343239 /* Resources */,
			);
			buildRules = (
			);
			dependencies = (
			);
			name = PFXIOSStudy;
			productName = PFXIOSStudy;
			productReference = 6DEEDFCE1CC8F8BA00343239 /* PFXIOSStudy.app */;
			productType = "com.apple.product-type.application";
		};
/* End PBXNativeTarget section */

/* Begin PBXProject section */
		6DEEDFC61CC8F8BA00343239 /* Project object */ = {
			isa = PBXProject;
			attributes = {
				LastUpgradeCheck = 0730;
				ORGANIZATIONNAME = PFXStudio;
				TargetAttributes = {
					6DEEDFCD1CC8F8BA00343239 = {
						CreatedOnToolsVersion = 7.3;
					};
				};
			};
			buildConfigurationList = 6DEEDFC91CC8F8BA00343239 /* Build configuration list for PBXProject "PFXIOSStudy" */;
			compatibilityVersion = "Xcode 3.2";
			developmentRegion = English;
			hasScannedForEncodings = 0;
			knownRegions = (
				en,
				Base,
			);
			mainGroup = 6DEEDFC51CC8F8BA00343239;
			productRefGroup = 6DEEDFCF1CC8F8BA00343239 /* Products */;
			projectDirPath = "";
			projectRoot = "";
			targets = (
				6DEEDFCD1CC8F8BA00343239 /* PFXIOSStudy */,
			);
		};
/* End PBXProject section */

/* Begin PBXResourcesBuildPhase section */
		6DEEDFCC1CC8F8BA00343239 /* Resources */ = {
			isa = PBXResourcesBuildPhase;
			buildActionMask = 2147483647;
			files = (
				D20A8F191CC9CA8500496121 /* Study.plist in Resources */,
				D20A8F111CC9CA3800496121 /* CoreData.storyboard in Resources */,
				D20A8F0F1CC9C93000496121 /* Menu.storyboard in Resources */,
				D20A8F221CC9CB2D00496121 /* LaunchScreen.storyboard in Resources */,
				D20A8F1C1CC9CAB000496121 /* Assets.xcassets in Resources */,
				6DE61DDF1CCAEDE500C21880 /* Web.storyboard in Resources */,
				D26708421CCDC426003253EA /* Container.storyboard in Resources */,
				6DE61DED1CCAF41000C21880 /* CodeMenuViewController.xib in Resources */,
			);
			runOnlyForDeploymentPostprocessing = 0;
		};
/* End PBXResourcesBuildPhase section */

/* Begin PBXSourcesBuildPhase section */
		6DEEDFCA1CC8F8BA00343239 /* Sources */ = {
			isa = PBXSourcesBuildPhase;
			buildActionMask = 2147483647;
			files = (
				6DEEDFD61CC8F8BA00343239 /* AppDelegate.m in Sources */,
				D20A8F2A1CC9D1FB00496121 /* CoreDataManager.m in Sources */,
				6DEEDFD31CC8F8BA00343239 /* main.m in Sources */,
				D26708621CCE0950003253EA /* EmptySegue.m in Sources */,
				6DE61DE71CCAEFFC00C21880 /* CodeViewController.m in Sources */,
				D26708461CCDC7BE003253EA /* ContainerViewController.m in Sources */,
				6DE61DEC1CCAF41000C21880 /* CodeMenuViewController.m in Sources */,
				D20A8F201CC9CAE900496121 /* PFXIOSStudy.xcdatamodeld in Sources */,
				D20A8F091CC9C85C00496121 /* CoreDataTableViewController.m in Sources */,
				D26708491CCDC817003253EA /* SwapViewController.m in Sources */,
				D20A8F151CC9CA5200496121 /* StoryboardPerform.m in Sources */,
				D20A8F0C1CC9C87600496121 /* MenuTableViewController.m in Sources */,
			);
			runOnlyForDeploymentPostprocessing = 0;
		};
/* End PBXSourcesBuildPhase section */

/* Begin XCBuildConfiguration section */
		6DEEDFE61CC8F8BA00343239 /* Debug */ = {
			isa = XCBuildConfiguration;
			buildSettings = {
				ALWAYS_SEARCH_USER_PATHS = NO;
				CLANG_ANALYZER_NONNULL = YES;
				CLANG_CXX_LANGUAGE_STANDARD = "gnu++0x";
				CLANG_CXX_LIBRARY = "libc++";
				CLANG_ENABLE_MODULES = YES;
				CLANG_ENABLE_OBJC_ARC = YES;
				CLANG_WARN_BOOL_CONVERSION = YES;
				CLANG_WARN_CONSTANT_CONVERSION = YES;
				CLANG_WARN_DIRECT_OBJC_ISA_USAGE = YES_ERROR;
				CLANG_WARN_EMPTY_BODY = YES;
				CLANG_WARN_ENUM_CONVERSION = YES;
				CLANG_WARN_INT_CONVERSION = YES;
				CLANG_WARN_OBJC_ROOT_CLASS = YES_ERROR;
				CLANG_WARN_UNREACHABLE_CODE = YES;
				CLANG_WARN__DUPLICATE_METHOD_MATCH = YES;
				"CODE_SIGN_IDENTITY[sdk=iphoneos*]" = "iPhone Developer";
				COPY_PHASE_STRIP = NO;
				DEBUG_INFORMATION_FORMAT = dwarf;
				ENABLE_STRICT_OBJC_MSGSEND = YES;
				ENABLE_TESTABILITY = YES;
				GCC_C_LANGUAGE_STANDARD = gnu99;
				GCC_DYNAMIC_NO_PIC = NO;
				GCC_NO_COMMON_BLOCKS = YES;
				GCC_OPTIMIZATION_LEVEL = 0;
				GCC_PREPROCESSOR_DEFINITIONS = (
					"DEBUG=1",
					"$(inherited)",
				);
				GCC_WARN_64_TO_32_BIT_CONVERSION = YES;
				GCC_WARN_ABOUT_RETURN_TYPE = YES_ERROR;
				GCC_WARN_UNDECLARED_SELECTOR = YES;
				GCC_WARN_UNINITIALIZED_AUTOS = YES_AGGRESSIVE;
				GCC_WARN_UNUSED_FUNCTION = YES;
				GCC_WARN_UNUSED_VARIABLE = YES;
				IPHONEOS_DEPLOYMENT_TARGET = 9.3;
				MTL_ENABLE_DEBUG_INFO = YES;
				ONLY_ACTIVE_ARCH = YES;
				SDKROOT = iphoneos;
			};
			name = Debug;
		};
		6DEEDFE71CC8F8BA00343239 /* Release */ = {
			isa = XCBuildConfiguration;
			buildSettings = {
				ALWAYS_SEARCH_USER_PATHS = NO;
				CLANG_ANALYZER_NONNULL = YES;
				CLANG_CXX_LANGUAGE_STANDARD = "gnu++0x";
				CLANG_CXX_LIBRARY = "libc++";
				CLANG_ENABLE_MODULES = YES;
				CLANG_ENABLE_OBJC_ARC = YES;
				CLANG_WARN_BOOL_CONVERSION = YES;
				CLANG_WARN_CONSTANT_CONVERSION = YES;
				CLANG_WARN_DIRECT_OBJC_ISA_USAGE = YES_ERROR;
				CLANG_WARN_EMPTY_BODY = YES;
				CLANG_WARN_ENUM_CONVERSION = YES;
				CLANG_WARN_INT_CONVERSION = YES;
				CLANG_WARN_OBJC_ROOT_CLASS = YES_ERROR;
				CLANG_WARN_UNREACHABLE_CODE = YES;
				CLANG_WARN__DUPLICATE_METHOD_MATCH = YES;
				"CODE_SIGN_IDENTITY[sdk=iphoneos*]" = "iPhone Developer";
				COPY_PHASE_STRIP = NO;
				DEBUG_INFORMATION_FORMAT = "dwarf-with-dsym";
				ENABLE_NS_ASSERTIONS = NO;
				ENABLE_STRICT_OBJC_MSGSEND = YES;
				GCC_C_LANGUAGE_STANDARD = gnu99;
				GCC_NO_COMMON_BLOCKS = YES;
				GCC_WARN_64_TO_32_BIT_CONVERSION = YES;
				GCC_WARN_ABOUT_RETURN_TYPE = YES_ERROR;
				GCC_WARN_UNDECLARED_SELECTOR = YES;
				GCC_WARN_UNINITIALIZED_AUTOS = YES_AGGRESSIVE;
				GCC_WARN_UNUSED_FUNCTION = YES;
				GCC_WARN_UNUSED_VARIABLE = YES;
				IPHONEOS_DEPLOYMENT_TARGET = 9.3;
				MTL_ENABLE_DEBUG_INFO = NO;
				SDKROOT = iphoneos;
				VALIDATE_PRODUCT = YES;
			};
			name = Release;
		};
		6DEEDFE91CC8F8BA00343239 /* Debug */ = {
			isa = XCBuildConfiguration;
			buildSettings = {
				ASSETCATALOG_COMPILER_APPICON_NAME = AppIcon;
				GCC_PREFIX_HEADER = "PFXIOSStudy/Supporting Files/PrefixHeader.pch";
				INFOPLIST_FILE = PFXIOSStudy/Info.plist;
				LD_RUNPATH_SEARCH_PATHS = "$(inherited) @executable_path/Frameworks";
				PRODUCT_BUNDLE_IDENTIFIER = com.pfxstudio.PFXIOSStudy;
				PRODUCT_NAME = "$(TARGET_NAME)";
			};
			name = Debug;
		};
		6DEEDFEA1CC8F8BA00343239 /* Release */ = {
			isa = XCBuildConfiguration;
			buildSettings = {
				ASSETCATALOG_COMPILER_APPICON_NAME = AppIcon;
				GCC_PREFIX_HEADER = "PFXIOSStudy/Supporting Files/PrefixHeader.pch";
				INFOPLIST_FILE = PFXIOSStudy/Info.plist;
				LD_RUNPATH_SEARCH_PATHS = "$(inherited) @executable_path/Frameworks";
				PRODUCT_BUNDLE_IDENTIFIER = com.pfxstudio.PFXIOSStudy;
				PRODUCT_NAME = "$(TARGET_NAME)";
			};
			name = Release;
		};
/* End XCBuildConfiguration section */

/* Begin XCConfigurationList section */
		6DEEDFC91CC8F8BA00343239 /* Build configuration list for PBXProject "PFXIOSStudy" */ = {
			isa = XCConfigurationList;
			buildConfigurations = (
				6DEEDFE61CC8F8BA00343239 /* Debug */,
				6DEEDFE71CC8F8BA00343239 /* Release */,
			);
			defaultConfigurationIsVisible = 0;
			defaultConfigurationName = Release;
		};
		6DEEDFE81CC8F8BA00343239 /* Build configuration list for PBXNativeTarget "PFXIOSStudy" */ = {
			isa = XCConfigurationList;
			buildConfigurations = (
				6DEEDFE91CC8F8BA00343239 /* Debug */,
				6DEEDFEA1CC8F8BA00343239 /* Release */,
			);
			defaultConfigurationIsVisible = 0;
			defaultConfigurationName = Release;
		};
/* End XCConfigurationList section */

/* Begin XCVersionGroup section */
		D20A8F1E1CC9CAE900496121 /* PFXIOSStudy.xcdatamodeld */ = {
			isa = XCVersionGroup;
			children = (
				D20A8F1F1CC9CAE900496121 /* PFXIOSStudy.xcdatamodel */,
			);
			currentVersion = D20A8F1F1CC9CAE900496121 /* PFXIOSStudy.xcdatamodel */;
			path = PFXIOSStudy.xcdatamodeld;
			sourceTree = "<group>";
			versionGroupType = wrapper.xcdatamodel;
		};
/* End XCVersionGroup section */
	};
	rootObject = 6DEEDFC61CC8F8BA00343239 /* Project object */;
}
