// !$*UTF8*$!
{
	archiveVersion = 1;
	classes = {
	};
	objectVersion = 46;
	objects = {

/* Begin PBXBuildFile section */
		6D4E36F21CCE354C009FD201 /* Block.storyboard in Resources */ = {isa = PBXBuildFile; fileRef = 6D4E36F11CCE354C009FD201 /* Block.storyboard */; };
		6D4E36F51CCE3595009FD201 /* BlockViewController.m in Sources */ = {isa = PBXBuildFile; fileRef = 6D4E36F41CCE3595009FD201 /* BlockViewController.m */; };
		6D4E36F71CCE3B71009FD201 /* Dispatch.storyboard in Resources */ = {isa = PBXBuildFile; fileRef = 6D4E36F61CCE3B71009FD201 /* Dispatch.storyboard */; };
		6D4E36FA1CCE3BBD009FD201 /* DispatchViewController.m in Sources */ = {isa = PBXBuildFile; fileRef = 6D4E36F91CCE3BBD009FD201 /* DispatchViewController.m */; };
		6DE61DDF1CCAEDE500C21880 /* Web.storyboard in Resources */ = {isa = PBXBuildFile; fileRef = 6DE61DDE1CCAEDE500C21880 /* Web.storyboard */; };
		6DE61DE71CCAEFFC00C21880 /* CodeViewController.m in Sources */ = {isa = PBXBuildFile; fileRef = 6DE61DE61CCAEFFC00C21880 /* CodeViewController.m */; };
		6DE61DEC1CCAF41000C21880 /* CodeMenuViewController.m in Sources */ = {isa = PBXBuildFile; fileRef = 6DE61DEA1CCAF41000C21880 /* CodeMenuViewController.m */; };
		6DE61DED1CCAF41000C21880 /* CodeMenuViewController.xib in Resources */ = {isa = PBXBuildFile; fileRef = 6DE61DEB1CCAF41000C21880 /* CodeMenuViewController.xib */; };
		6DEEDFD31CC8F8BA00343239 /* main.m in Sources */ = {isa = PBXBuildFile; fileRef = 6DEEDFD21CC8F8BA00343239 /* main.m */; };
		6DEEDFD61CC8F8BA00343239 /* AppDelegate.m in Sources */ = {isa = PBXBuildFile; fileRef = 6DEEDFD51CC8F8BA00343239 /* AppDelegate.m */; };
		D20A8F091CC9C85C00496121 /* CoreDataTableViewController.m in Sources */ = {isa = PBXBuildFile; fileRef = D20A8F081CC9C85C00496121 /* CoreDataTableViewController.m */; };
		D20A8F0C1CC9C87600496121 /* MenuTableViewController.m in Sources */ = {isa = PBXBuildFile; fileRef = D20A8F0B1CC9C87600496121 /* MenuTableViewController.m */; };
		D20A8F0F1CC9C93000496121 /* Menu.storyboard in Resources */ = {isa = PBXBuildFile; fileRef = D20A8F0E1CC9C93000496121 /* Menu.storyboard */; };
		D20A8F111CC9CA3800496121 /* CoreData.storyboard in Resources */ = {isa = PBXBuildFile; fileRef = D20A8F101CC9CA3800496121 /* CoreData.storyboard */; };
		D20A8F151CC9CA5200496121 /* StoryboardPerform.m in Sources */ = {isa = PBXBuildFile; fileRef = D20A8F141CC9CA5200496121 /* StoryboardPerform.m */; };
		D20A8F191CC9CA8500496121 /* Study.plist in Resources */ = {isa = PBXBuildFile; fileRef = D20A8F181CC9CA8500496121 /* Study.plist */; };
		D20A8F1C1CC9CAB000496121 /* Assets.xcassets in Resources */ = {isa = PBXBuildFile; fileRef = D20A8F1B1CC9CAB000496121 /* Assets.xcassets */; };
		D20A8F201CC9CAE900496121 /* PFXIOSStudy.xcdatamodeld in Sources */ = {isa = PBXBuildFile; fileRef = D20A8F1E1CC9CAE900496121 /* PFXIOSStudy.xcdatamodeld */; };
		D20A8F221CC9CB2D00496121 /* LaunchScreen.storyboard in Resources */ = {isa = PBXBuildFile; fileRef = D20A8F211CC9CB2D00496121 /* LaunchScreen.storyboard */; };
		D20A8F2A1CC9D1FB00496121 /* CoreDataManager.m in Sources */ = {isa = PBXBuildFile; fileRef = D20A8F291CC9D1FB00496121 /* CoreDataManager.m */; };
		D26708421CCDC426003253EA /* Container.storyboard in Resources */ = {isa = PBXBuildFile; fileRef = D26708411CCDC426003253EA /* Container.storyboard */; };
		D26708461CCDC7BE003253EA /* ContainerViewController.m in Sources */ = {isa = PBXBuildFile; fileRef = D26708451CCDC7BE003253EA /* ContainerViewController.m */; };
		D26708491CCDC817003253EA /* SwapViewController.m in Sources */ = {isa = PBXBuildFile; fileRef = D26708481CCDC817003253EA /* SwapViewController.m */; };
		D26708621CCE0950003253EA /* EmptySegue.m in Sources */ = {isa = PBXBuildFile; fileRef = D26708611CCE0950003253EA /* EmptySegue.m */; };
		D2EDC7591CCF10860091E435 /* DesignPatternTests.m in Sources */ = {isa = PBXBuildFile; fileRef = D2EDC7581CCF10860091E435 /* DesignPatternTests.m */; };
		D2EDC7651CCF11860091E435 /* Singleton.m in Sources */ = {isa = PBXBuildFile; fileRef = D2EDC7641CCF11860091E435 /* Singleton.m */; };
		D2EDC7681CCF129B0091E435 /* Prototype.m in Sources */ = {isa = PBXBuildFile; fileRef = D2EDC7671CCF129B0091E435 /* Prototype.m */; };
		D2EDC76B1CCF15800091E435 /* Proxy.m in Sources */ = {isa = PBXBuildFile; fileRef = D2EDC76A1CCF15800091E435 /* Proxy.m */; };
		D2EDC7711CCF16670091E435 /* Monster.m in Sources */ = {isa = PBXBuildFile; fileRef = D2EDC7701CCF16670091E435 /* Monster.m */; };
		D2EDC7741CCF180B0091E435 /* Facade.m in Sources */ = {isa = PBXBuildFile; fileRef = D2EDC7731CCF180B0091E435 /* Facade.m */; };
		D2EDC77B1CCF1BC80091E435 /* PlayerBuilder.m in Sources */ = {isa = PBXBuildFile; fileRef = D2EDC77A1CCF1BC80091E435 /* PlayerBuilder.m */; };
		D2EDC77E1CCF1BD40091E435 /* MonsterBuilder.m in Sources */ = {isa = PBXBuildFile; fileRef = D2EDC77D1CCF1BD40091E435 /* MonsterBuilder.m */; };
		D2EDC7811CCF1C770091E435 /* Builder.m in Sources */ = {isa = PBXBuildFile; fileRef = D2EDC7801CCF1C770091E435 /* Builder.m */; };
/* End PBXBuildFile section */

/* Begin PBXContainerItemProxy section */
		D2EDC75B1CCF10860091E435 /* PBXContainerItemProxy */ = {
			isa = PBXContainerItemProxy;
			containerPortal = 6DEEDFC61CC8F8BA00343239 /* Project object */;
			proxyType = 1;
			remoteGlobalIDString = 6DEEDFCD1CC8F8BA00343239;
			remoteInfo = PFXIOSStudy;
		};
/* End PBXContainerItemProxy section */

/* Begin PBXFileReference section */
		6D4E36F11CCE354C009FD201 /* Block.storyboard */ = {isa = PBXFileReference; fileEncoding = 4; lastKnownFileType = file.storyboard; name = Block.storyboard; path = Storyboards/Block.storyboard; sourceTree = "<group>"; };
		6D4E36F31CCE3595009FD201 /* BlockViewController.h */ = {isa = PBXFileReference; fileEncoding = 4; lastKnownFileType = sourcecode.c.h; name = BlockViewController.h; path = Controllers/BlockViewController.h; sourceTree = "<group>"; };
		6D4E36F41CCE3595009FD201 /* BlockViewController.m */ = {isa = PBXFileReference; fileEncoding = 4; lastKnownFileType = sourcecode.c.objc; name = BlockViewController.m; path = Controllers/BlockViewController.m; sourceTree = "<group>"; };
		6D4E36F61CCE3B71009FD201 /* Dispatch.storyboard */ = {isa = PBXFileReference; fileEncoding = 4; lastKnownFileType = file.storyboard; name = Dispatch.storyboard; path = Storyboards/Dispatch.storyboard; sourceTree = "<group>"; };
		6D4E36F81CCE3BBD009FD201 /* DispatchViewController.h */ = {isa = PBXFileReference; fileEncoding = 4; lastKnownFileType = sourcecode.c.h; name = DispatchViewController.h; path = Controllers/DispatchViewController.h; sourceTree = "<group>"; };
		6D4E36F91CCE3BBD009FD201 /* DispatchViewController.m */ = {isa = PBXFileReference; fileEncoding = 4; lastKnownFileType = sourcecode.c.objc; name = DispatchViewController.m; path = Controllers/DispatchViewController.m; sourceTree = "<group>"; };
		6DE61DDE1CCAEDE500C21880 /* Web.storyboard */ = {isa = PBXFileReference; fileEncoding = 4; lastKnownFileType = file.storyboard; name = Web.storyboard; path = Storyboards/Web.storyboard; sourceTree = "<group>"; };
		6DE61DE51CCAEFFC00C21880 /* CodeViewController.h */ = {isa = PBXFileReference; fileEncoding = 4; lastKnownFileType = sourcecode.c.h; name = CodeViewController.h; path = Controllers/CodeViewController.h; sourceTree = "<group>"; };
		6DE61DE61CCAEFFC00C21880 /* CodeViewController.m */ = {isa = PBXFileReference; fileEncoding = 4; lastKnownFileType = sourcecode.c.objc; name = CodeViewController.m; path = Controllers/CodeViewController.m; sourceTree = "<group>"; };
		6DE61DE91CCAF41000C21880 /* CodeMenuViewController.h */ = {isa = PBXFileReference; fileEncoding = 4; lastKnownFileType = sourcecode.c.h; name = CodeMenuViewController.h; path = Xibs/CodeMenuViewController.h; sourceTree = "<group>"; };
		6DE61DEA1CCAF41000C21880 /* CodeMenuViewController.m */ = {isa = PBXFileReference; fileEncoding = 4; lastKnownFileType = sourcecode.c.objc; name = CodeMenuViewController.m; path = Xibs/CodeMenuViewController.m; sourceTree = "<group>"; };
		6DE61DEB1CCAF41000C21880 /* CodeMenuViewController.xib */ = {isa = PBXFileReference; fileEncoding = 4; lastKnownFileType = file.xib; name = CodeMenuViewController.xib; path = Xibs/CodeMenuViewController.xib; sourceTree = "<group>"; };
		6DEEDFCE1CC8F8BA00343239 /* PFXIOSStudy.app */ = {isa = PBXFileReference; explicitFileType = wrapper.application; includeInIndex = 0; path = PFXIOSStudy.app; sourceTree = BUILT_PRODUCTS_DIR; };
		6DEEDFD21CC8F8BA00343239 /* main.m */ = {isa = PBXFileReference; lastKnownFileType = sourcecode.c.objc; path = main.m; sourceTree = "<group>"; };
		6DEEDFD41CC8F8BA00343239 /* AppDelegate.h */ = {isa = PBXFileReference; lastKnownFileType = sourcecode.c.h; path = AppDelegate.h; sourceTree = "<group>"; };
		6DEEDFD51CC8F8BA00343239 /* AppDelegate.m */ = {isa = PBXFileReference; lastKnownFileType = sourcecode.c.objc; path = AppDelegate.m; sourceTree = "<group>"; };
		6DEEDFE51CC8F8BA00343239 /* Info.plist */ = {isa = PBXFileReference; lastKnownFileType = text.plist.xml; path = Info.plist; sourceTree = "<group>"; };
		D20A8F071CC9C85C00496121 /* CoreDataTableViewController.h */ = {isa = PBXFileReference; fileEncoding = 4; lastKnownFileType = sourcecode.c.h; name = CoreDataTableViewController.h; path = Controllers/CoreDataTableViewController.h; sourceTree = "<group>"; };
		D20A8F081CC9C85C00496121 /* CoreDataTableViewController.m */ = {isa = PBXFileReference; fileEncoding = 4; lastKnownFileType = sourcecode.c.objc; name = CoreDataTableViewController.m; path = Controllers/CoreDataTableViewController.m; sourceTree = "<group>"; };
		D20A8F0A1CC9C87600496121 /* MenuTableViewController.h */ = {isa = PBXFileReference; fileEncoding = 4; lastKnownFileType = sourcecode.c.h; name = MenuTableViewController.h; path = Controllers/MenuTableViewController.h; sourceTree = "<group>"; };
		D20A8F0B1CC9C87600496121 /* MenuTableViewController.m */ = {isa = PBXFileReference; fileEncoding = 4; lastKnownFileType = sourcecode.c.objc; name = MenuTableViewController.m; path = Controllers/MenuTableViewController.m; sourceTree = "<group>"; };
		D20A8F0E1CC9C93000496121 /* Menu.storyboard */ = {isa = PBXFileReference; fileEncoding = 4; lastKnownFileType = file.storyboard; name = Menu.storyboard; path = Storyboards/Menu.storyboard; sourceTree = "<group>"; };
		D20A8F101CC9CA3800496121 /* CoreData.storyboard */ = {isa = PBXFileReference; fileEncoding = 4; lastKnownFileType = file.storyboard; name = CoreData.storyboard; path = Storyboards/CoreData.storyboard; sourceTree = "<group>"; };
		D20A8F131CC9CA5200496121 /* StoryboardPerform.h */ = {isa = PBXFileReference; fileEncoding = 4; lastKnownFileType = sourcecode.c.h; name = StoryboardPerform.h; path = Performs/StoryboardPerform.h; sourceTree = "<group>"; };
		D20A8F141CC9CA5200496121 /* StoryboardPerform.m */ = {isa = PBXFileReference; fileEncoding = 4; lastKnownFileType = sourcecode.c.objc; name = StoryboardPerform.m; path = Performs/StoryboardPerform.m; sourceTree = "<group>"; };
		D20A8F181CC9CA8500496121 /* Study.plist */ = {isa = PBXFileReference; fileEncoding = 4; lastKnownFileType = text.plist.xml; name = Study.plist; path = Resources/Files/Study.plist; sourceTree = "<group>"; };
		D20A8F1B1CC9CAB000496121 /* Assets.xcassets */ = {isa = PBXFileReference; lastKnownFileType = folder.assetcatalog; path = Assets.xcassets; sourceTree = "<group>"; };
		D20A8F1F1CC9CAE900496121 /* PFXIOSStudy.xcdatamodel */ = {isa = PBXFileReference; lastKnownFileType = wrapper.xcdatamodel; path = PFXIOSStudy.xcdatamodel; sourceTree = "<group>"; };
		D20A8F211CC9CB2D00496121 /* LaunchScreen.storyboard */ = {isa = PBXFileReference; fileEncoding = 4; lastKnownFileType = file.storyboard; name = LaunchScreen.storyboard; path = Storyboards/LaunchScreen.storyboard; sourceTree = "<group>"; };
		D20A8F231CC9CB5900496121 /* PrefixHeader.pch */ = {isa = PBXFileReference; lastKnownFileType = sourcecode.c.h; name = PrefixHeader.pch; path = "Supporting Files/PrefixHeader.pch"; sourceTree = "<group>"; };
		D20A8F261CC9CC9200496121 /* Enums.h */ = {isa = PBXFileReference; lastKnownFileType = sourcecode.c.h; name = Enums.h; path = Commons/Enums.h; sourceTree = "<group>"; };
		D20A8F281CC9D1FB00496121 /* CoreDataManager.h */ = {isa = PBXFileReference; fileEncoding = 4; lastKnownFileType = sourcecode.c.h; name = CoreDataManager.h; path = Managers/CoreDataManager.h; sourceTree = "<group>"; };
		D20A8F291CC9D1FB00496121 /* CoreDataManager.m */ = {isa = PBXFileReference; fileEncoding = 4; lastKnownFileType = sourcecode.c.objc; name = CoreDataManager.m; path = Managers/CoreDataManager.m; sourceTree = "<group>"; };
		D20A8F2E1CC9D3CB00496121 /* Defines.h */ = {isa = PBXFileReference; lastKnownFileType = sourcecode.c.h; name = Defines.h; path = Commons/Defines.h; sourceTree = "<group>"; };
		D26708411CCDC426003253EA /* Container.storyboard */ = {isa = PBXFileReference; fileEncoding = 4; lastKnownFileType = file.storyboard; name = Container.storyboard; path = Storyboards/Container.storyboard; sourceTree = "<group>"; };
		D26708441CCDC7BE003253EA /* ContainerViewController.h */ = {isa = PBXFileReference; fileEncoding = 4; lastKnownFileType = sourcecode.c.h; name = ContainerViewController.h; path = Controllers/ContainerViewController.h; sourceTree = "<group>"; };
		D26708451CCDC7BE003253EA /* ContainerViewController.m */ = {isa = PBXFileReference; fileEncoding = 4; lastKnownFileType = sourcecode.c.objc; name = ContainerViewController.m; path = Controllers/ContainerViewController.m; sourceTree = "<group>"; };
		D26708471CCDC817003253EA /* SwapViewController.h */ = {isa = PBXFileReference; fileEncoding = 4; lastKnownFileType = sourcecode.c.h; name = SwapViewController.h; path = Controllers/SwapViewController.h; sourceTree = "<group>"; };
		D26708481CCDC817003253EA /* SwapViewController.m */ = {isa = PBXFileReference; fileEncoding = 4; lastKnownFileType = sourcecode.c.objc; name = SwapViewController.m; path = Controllers/SwapViewController.m; sourceTree = "<group>"; };
		D26708601CCE0950003253EA /* EmptySegue.h */ = {isa = PBXFileReference; fileEncoding = 4; lastKnownFileType = sourcecode.c.h; name = EmptySegue.h; path = Commons/EmptySegue.h; sourceTree = "<group>"; };
		D26708611CCE0950003253EA /* EmptySegue.m */ = {isa = PBXFileReference; fileEncoding = 4; lastKnownFileType = sourcecode.c.objc; name = EmptySegue.m; path = Commons/EmptySegue.m; sourceTree = "<group>"; };
		D2EDC7561CCF10860091E435 /* DesignPatternTests.xctest */ = {isa = PBXFileReference; explicitFileType = wrapper.cfbundle; includeInIndex = 0; path = DesignPatternTests.xctest; sourceTree = BUILT_PRODUCTS_DIR; };
		D2EDC7581CCF10860091E435 /* DesignPatternTests.m */ = {isa = PBXFileReference; lastKnownFileType = sourcecode.c.objc; path = DesignPatternTests.m; sourceTree = "<group>"; };
		D2EDC75A1CCF10860091E435 /* Info.plist */ = {isa = PBXFileReference; lastKnownFileType = text.plist.xml; path = Info.plist; sourceTree = "<group>"; };
		D2EDC7631CCF11860091E435 /* Singleton.h */ = {isa = PBXFileReference; fileEncoding = 4; lastKnownFileType = sourcecode.c.h; name = Singleton.h; path = DesignPatterns/Singleton.h; sourceTree = "<group>"; };
		D2EDC7641CCF11860091E435 /* Singleton.m */ = {isa = PBXFileReference; fileEncoding = 4; lastKnownFileType = sourcecode.c.objc; name = Singleton.m; path = DesignPatterns/Singleton.m; sourceTree = "<group>"; };
		D2EDC7661CCF129B0091E435 /* Prototype.h */ = {isa = PBXFileReference; fileEncoding = 4; lastKnownFileType = sourcecode.c.h; name = Prototype.h; path = DesignPatterns/Prototype.h; sourceTree = "<group>"; };
		D2EDC7671CCF129B0091E435 /* Prototype.m */ = {isa = PBXFileReference; fileEncoding = 4; lastKnownFileType = sourcecode.c.objc; name = Prototype.m; path = DesignPatterns/Prototype.m; sourceTree = "<group>"; };
		D2EDC7691CCF15800091E435 /* Proxy.h */ = {isa = PBXFileReference; fileEncoding = 4; lastKnownFileType = sourcecode.c.h; name = Proxy.h; path = DesignPatterns/Proxy.h; sourceTree = "<group>"; };
		D2EDC76A1CCF15800091E435 /* Proxy.m */ = {isa = PBXFileReference; fileEncoding = 4; lastKnownFileType = sourcecode.c.objc; name = Proxy.m; path = DesignPatterns/Proxy.m; sourceTree = "<group>"; };
		D2EDC76C1CCF15C00091E435 /* ProxyInterface.h */ = {isa = PBXFileReference; fileEncoding = 4; lastKnownFileType = sourcecode.c.h; name = ProxyInterface.h; path = DesignPatterns/ProxyInterface.h; sourceTree = "<group>"; };
		D2EDC76F1CCF16670091E435 /* Monster.h */ = {isa = PBXFileReference; fileEncoding = 4; lastKnownFileType = sourcecode.c.h; name = Monster.h; path = DesignPatterns/Monster.h; sourceTree = "<group>"; };
		D2EDC7701CCF16670091E435 /* Monster.m */ = {isa = PBXFileReference; fileEncoding = 4; lastKnownFileType = sourcecode.c.objc; name = Monster.m; path = DesignPatterns/Monster.m; sourceTree = "<group>"; };
		D2EDC7721CCF180B0091E435 /* Facade.h */ = {isa = PBXFileReference; fileEncoding = 4; lastKnownFileType = sourcecode.c.h; name = Facade.h; path = DesignPatterns/Facade.h; sourceTree = "<group>"; };
		D2EDC7731CCF180B0091E435 /* Facade.m */ = {isa = PBXFileReference; fileEncoding = 4; lastKnownFileType = sourcecode.c.objc; name = Facade.m; path = DesignPatterns/Facade.m; sourceTree = "<group>"; };
		D2EDC7781CCF1B7B0091E435 /* BuilderInterface.h */ = {isa = PBXFileReference; fileEncoding = 4; lastKnownFileType = sourcecode.c.h; name = BuilderInterface.h; path = DesignPatterns/BuilderInterface.h; sourceTree = "<group>"; };
		D2EDC7791CCF1BC80091E435 /* PlayerBuilder.h */ = {isa = PBXFileReference; fileEncoding = 4; lastKnownFileType = sourcecode.c.h; name = PlayerBuilder.h; path = DesignPatterns/PlayerBuilder.h; sourceTree = "<group>"; };
		D2EDC77A1CCF1BC80091E435 /* PlayerBuilder.m */ = {isa = PBXFileReference; fileEncoding = 4; lastKnownFileType = sourcecode.c.objc; name = PlayerBuilder.m; path = DesignPatterns/PlayerBuilder.m; sourceTree = "<group>"; };
		D2EDC77C1CCF1BD40091E435 /* MonsterBuilder.h */ = {isa = PBXFileReference; fileEncoding = 4; lastKnownFileType = sourcecode.c.h; name = MonsterBuilder.h; path = DesignPatterns/MonsterBuilder.h; sourceTree = "<group>"; };
		D2EDC77D1CCF1BD40091E435 /* MonsterBuilder.m */ = {isa = PBXFileReference; fileEncoding = 4; lastKnownFileType = sourcecode.c.objc; name = MonsterBuilder.m; path = DesignPatterns/MonsterBuilder.m; sourceTree = "<group>"; };
		D2EDC77F1CCF1C770091E435 /* Builder.h */ = {isa = PBXFileReference; fileEncoding = 4; lastKnownFileType = sourcecode.c.h; name = Builder.h; path = DesignPatterns/Builder.h; sourceTree = "<group>"; };
		D2EDC7801CCF1C770091E435 /* Builder.m */ = {isa = PBXFileReference; fileEncoding = 4; lastKnownFileType = sourcecode.c.objc; name = Builder.m; path = DesignPatterns/Builder.m; sourceTree = "<group>"; };
/* End PBXFileReference section */

/* Begin PBXFrameworksBuildPhase section */
		6DEEDFCB1CC8F8BA00343239 /* Frameworks */ = {
			isa = PBXFrameworksBuildPhase;
			buildActionMask = 2147483647;
			files = (
			);
			runOnlyForDeploymentPostprocessing = 0;
		};
		D2EDC7531CCF10860091E435 /* Frameworks */ = {
			isa = PBXFrameworksBuildPhase;
			buildActionMask = 2147483647;
			files = (
			);
			runOnlyForDeploymentPostprocessing = 0;
		};
/* End PBXFrameworksBuildPhase section */

/* Begin PBXGroup section */
		6DE61DE01CCAEF0F00C21880 /* Thirds */ = {
			isa = PBXGroup;
			children = (
			);
			name = Thirds;
			sourceTree = "<group>";
		};
		6DE61DE81CCAF3F100C21880 /* Xibs */ = {
			isa = PBXGroup;
			children = (
				6DE61DE91CCAF41000C21880 /* CodeMenuViewController.h */,
				6DE61DEA1CCAF41000C21880 /* CodeMenuViewController.m */,
				6DE61DEB1CCAF41000C21880 /* CodeMenuViewController.xib */,
			);
			name = Xibs;
			sourceTree = "<group>";
		};
		6DEEDFC51CC8F8BA00343239 = {
			isa = PBXGroup;
			children = (
				6DEEDFD01CC8F8BA00343239 /* PFXIOSStudy */,
				D2EDC7571CCF10860091E435 /* DesignPatternTests */,
				6DEEDFCF1CC8F8BA00343239 /* Products */,
			);
			sourceTree = "<group>";
		};
		6DEEDFCF1CC8F8BA00343239 /* Products */ = {
			isa = PBXGroup;
			children = (
				6DEEDFCE1CC8F8BA00343239 /* PFXIOSStudy.app */,
				D2EDC7561CCF10860091E435 /* DesignPatternTests.xctest */,
			);
			name = Products;
			sourceTree = "<group>";
		};
		6DEEDFD01CC8F8BA00343239 /* PFXIOSStudy */ = {
			isa = PBXGroup;
			children = (
				6DEEDFD41CC8F8BA00343239 /* AppDelegate.h */,
				6DEEDFD51CC8F8BA00343239 /* AppDelegate.m */,
				D20A8F251CC9CC7C00496121 /* Commons */,
				D20A8F061CC9C83B00496121 /* Controllers */,
				D2EDC7621CCF11670091E435 /* DesignPatterns */,
				D20A8F271CC9D1D300496121 /* Managers */,
				D20A8F121CC9CA3C00496121 /* Performs */,
				D20A8F161CC9CA6500496121 /* Resources */,
				D20A8F0D1CC9C91300496121 /* StoryBoards */,
				6DEEDFD11CC8F8BA00343239 /* Supporting Files */,
				6DE61DE01CCAEF0F00C21880 /* Thirds */,
				6DE61DE81CCAF3F100C21880 /* Xibs */,
			);
			path = PFXIOSStudy;
			sourceTree = "<group>";
		};
		6DEEDFD11CC8F8BA00343239 /* Supporting Files */ = {
			isa = PBXGroup;
			children = (
				6DEEDFE51CC8F8BA00343239 /* Info.plist */,
				6DEEDFD21CC8F8BA00343239 /* main.m */,
				D20A8F231CC9CB5900496121 /* PrefixHeader.pch */,
			);
			name = "Supporting Files";
			sourceTree = "<group>";
		};
		D20A8F061CC9C83B00496121 /* Controllers */ = {
			isa = PBXGroup;
			children = (
				D20A8F071CC9C85C00496121 /* CoreDataTableViewController.h */,
				D20A8F081CC9C85C00496121 /* CoreDataTableViewController.m */,
				D20A8F0A1CC9C87600496121 /* MenuTableViewController.h */,
				D20A8F0B1CC9C87600496121 /* MenuTableViewController.m */,
				6DE61DE51CCAEFFC00C21880 /* CodeViewController.h */,
				6DE61DE61CCAEFFC00C21880 /* CodeViewController.m */,
				D26708441CCDC7BE003253EA /* ContainerViewController.h */,
				D26708451CCDC7BE003253EA /* ContainerViewController.m */,
				D26708471CCDC817003253EA /* SwapViewController.h */,
				D26708481CCDC817003253EA /* SwapViewController.m */,
				6D4E36F31CCE3595009FD201 /* BlockViewController.h */,
				6D4E36F41CCE3595009FD201 /* BlockViewController.m */,
				6D4E36F81CCE3BBD009FD201 /* DispatchViewController.h */,
				6D4E36F91CCE3BBD009FD201 /* DispatchViewController.m */,
			);
			name = Controllers;
			sourceTree = "<group>";
		};
		D20A8F0D1CC9C91300496121 /* StoryBoards */ = {
			isa = PBXGroup;
			children = (
				6D4E36F11CCE354C009FD201 /* Block.storyboard */,
				D26708411CCDC426003253EA /* Container.storyboard */,
				D20A8F101CC9CA3800496121 /* CoreData.storyboard */,
				6D4E36F61CCE3B71009FD201 /* Dispatch.storyboard */,
				D20A8F211CC9CB2D00496121 /* LaunchScreen.storyboard */,
				D20A8F0E1CC9C93000496121 /* Menu.storyboard */,
				6DE61DDE1CCAEDE500C21880 /* Web.storyboard */,
			);
			name = StoryBoards;
			sourceTree = "<group>";
		};
		D20A8F121CC9CA3C00496121 /* Performs */ = {
			isa = PBXGroup;
			children = (
				D20A8F131CC9CA5200496121 /* StoryboardPerform.h */,
				D20A8F141CC9CA5200496121 /* StoryboardPerform.m */,
			);
			name = Performs;
			sourceTree = "<group>";
		};
		D20A8F161CC9CA6500496121 /* Resources */ = {
			isa = PBXGroup;
			children = (
				D20A8F1D1CC9CAE900496121 /* DataModels */,
				D20A8F171CC9CA6A00496121 /* Files */,
				D20A8F1A1CC9CAB000496121 /* Images */,
			);
			name = Resources;
			sourceTree = "<group>";
		};
		D20A8F171CC9CA6A00496121 /* Files */ = {
			isa = PBXGroup;
			children = (
				D20A8F181CC9CA8500496121 /* Study.plist */,
			);
			name = Files;
			sourceTree = "<group>";
		};
		D20A8F1A1CC9CAB000496121 /* Images */ = {
			isa = PBXGroup;
			children = (
				D20A8F1B1CC9CAB000496121 /* Assets.xcassets */,
			);
			name = Images;
			path = Resources/Images;
			sourceTree = "<group>";
		};
		D20A8F1D1CC9CAE900496121 /* DataModels */ = {
			isa = PBXGroup;
			children = (
				D20A8F1E1CC9CAE900496121 /* PFXIOSStudy.xcdatamodeld */,
			);
			name = DataModels;
			path = Resources/DataModels;
			sourceTree = "<group>";
		};
		D20A8F251CC9CC7C00496121 /* Commons */ = {
			isa = PBXGroup;
			children = (
				D20A8F2E1CC9D3CB00496121 /* Defines.h */,
				D26708601CCE0950003253EA /* EmptySegue.h */,
				D26708611CCE0950003253EA /* EmptySegue.m */,
				D20A8F261CC9CC9200496121 /* Enums.h */,
			);
			name = Commons;
			sourceTree = "<group>";
		};
		D20A8F271CC9D1D300496121 /* Managers */ = {
			isa = PBXGroup;
			children = (
				D20A8F281CC9D1FB00496121 /* CoreDataManager.h */,
				D20A8F291CC9D1FB00496121 /* CoreDataManager.m */,
			);
			name = Managers;
			sourceTree = "<group>";
		};
		D2EDC7571CCF10860091E435 /* DesignPatternTests */ = {
			isa = PBXGroup;
			children = (
				D2EDC7581CCF10860091E435 /* DesignPatternTests.m */,
				D2EDC75A1CCF10860091E435 /* Info.plist */,
			);
			path = DesignPatternTests;
			sourceTree = "<group>";
		};
		D2EDC7621CCF11670091E435 /* DesignPatterns */ = {
			isa = PBXGroup;
			children = (
				D2EDC7631CCF11860091E435 /* Singleton.h */,
				D2EDC7641CCF11860091E435 /* Singleton.m */,
				D2EDC7661CCF129B0091E435 /* Prototype.h */,
				D2EDC7671CCF129B0091E435 /* Prototype.m */,
				D2EDC7691CCF15800091E435 /* Proxy.h */,
				D2EDC76A1CCF15800091E435 /* Proxy.m */,
				D2EDC76C1CCF15C00091E435 /* ProxyInterface.h */,
				D2EDC76F1CCF16670091E435 /* Monster.h */,
				D2EDC7701CCF16670091E435 /* Monster.m */,
				D2EDC7721CCF180B0091E435 /* Facade.h */,
				D2EDC7731CCF180B0091E435 /* Facade.m */,
				D2EDC7781CCF1B7B0091E435 /* BuilderInterface.h */,
				D2EDC7791CCF1BC80091E435 /* PlayerBuilder.h */,
				D2EDC77A1CCF1BC80091E435 /* PlayerBuilder.m */,
				D2EDC77C1CCF1BD40091E435 /* MonsterBuilder.h */,
				D2EDC77D1CCF1BD40091E435 /* MonsterBuilder.m */,
				D2EDC77F1CCF1C770091E435 /* Builder.h */,
				D2EDC7801CCF1C770091E435 /* Builder.m */,
			);
			name = DesignPatterns;
			sourceTree = "<group>";
		};
/* End PBXGroup section */

/* Begin PBXNativeTarget section */
		6DEEDFCD1CC8F8BA00343239 /* PFXIOSStudy */ = {
			isa = PBXNativeTarget;
			buildConfigurationList = 6DEEDFE81CC8F8BA00343239 /* Build configuration list for PBXNativeTarget "PFXIOSStudy" */;
			buildPhases = (
				6DEEDFCA1CC8F8BA00343239 /* Sources */,
				6DEEDFCB1CC8F8BA00343239 /* Frameworks */,
				6DEEDFCC1CC8F8BA00343239 /* Resources */,
			);
			buildRules = (
			);
			dependencies = (
			);
			name = PFXIOSStudy;
			productName = PFXIOSStudy;
			productReference = 6DEEDFCE1CC8F8BA00343239 /* PFXIOSStudy.app */;
			productType = "com.apple.product-type.application";
		};
		D2EDC7551CCF10860091E435 /* DesignPatternTests */ = {
			isa = PBXNativeTarget;
			buildConfigurationList = D2EDC75F1CCF10860091E435 /* Build configuration list for PBXNativeTarget "DesignPatternTests" */;
			buildPhases = (
				D2EDC7521CCF10860091E435 /* Sources */,
				D2EDC7531CCF10860091E435 /* Frameworks */,
				D2EDC7541CCF10860091E435 /* Resources */,
			);
			buildRules = (
			);
			dependencies = (
				D2EDC75C1CCF10860091E435 /* PBXTargetDependency */,
			);
			name = DesignPatternTests;
			productName = DesignPatternTests;
			productReference = D2EDC7561CCF10860091E435 /* DesignPatternTests.xctest */;
			productType = "com.apple.product-type.bundle.unit-test";
		};
/* End PBXNativeTarget section */

/* Begin PBXProject section */
		6DEEDFC61CC8F8BA00343239 /* Project object */ = {
			isa = PBXProject;
			attributes = {
				LastUpgradeCheck = 0730;
				ORGANIZATIONNAME = PFXStudio;
				TargetAttributes = {
					6DEEDFCD1CC8F8BA00343239 = {
						CreatedOnToolsVersion = 7.3;
					};
					D2EDC7551CCF10860091E435 = {
						CreatedOnToolsVersion = 7.3;
						TestTargetID = 6DEEDFCD1CC8F8BA00343239;
					};
				};
			};
			buildConfigurationList = 6DEEDFC91CC8F8BA00343239 /* Build configuration list for PBXProject "PFXIOSStudy" */;
			compatibilityVersion = "Xcode 3.2";
			developmentRegion = English;
			hasScannedForEncodings = 0;
			knownRegions = (
				en,
				Base,
			);
			mainGroup = 6DEEDFC51CC8F8BA00343239;
			productRefGroup = 6DEEDFCF1CC8F8BA00343239 /* Products */;
			projectDirPath = "";
			projectRoot = "";
			targets = (
				6DEEDFCD1CC8F8BA00343239 /* PFXIOSStudy */,
				D2EDC7551CCF10860091E435 /* DesignPatternTests */,
			);
		};
/* End PBXProject section */

/* Begin PBXResourcesBuildPhase section */
		6DEEDFCC1CC8F8BA00343239 /* Resources */ = {
			isa = PBXResourcesBuildPhase;
			buildActionMask = 2147483647;
			files = (
				D20A8F191CC9CA8500496121 /* Study.plist in Resources */,
				D20A8F111CC9CA3800496121 /* CoreData.storyboard in Resources */,
				6D4E36F71CCE3B71009FD201 /* Dispatch.storyboard in Resources */,
				D20A8F0F1CC9C93000496121 /* Menu.storyboard in Resources */,
				6D4E36F21CCE354C009FD201 /* Block.storyboard in Resources */,
				D20A8F221CC9CB2D00496121 /* LaunchScreen.storyboard in Resources */,
				D20A8F1C1CC9CAB000496121 /* Assets.xcassets in Resources */,
				6DE61DDF1CCAEDE500C21880 /* Web.storyboard in Resources */,
				D26708421CCDC426003253EA /* Container.storyboard in Resources */,
				6DE61DED1CCAF41000C21880 /* CodeMenuViewController.xib in Resources */,
			);
			runOnlyForDeploymentPostprocessing = 0;
		};
		D2EDC7541CCF10860091E435 /* Resources */ = {
			isa = PBXResourcesBuildPhase;
			buildActionMask = 2147483647;
			files = (
			);
			runOnlyForDeploymentPostprocessing = 0;
		};
/* End PBXResourcesBuildPhase section */

/* Begin PBXSourcesBuildPhase section */
		6DEEDFCA1CC8F8BA00343239 /* Sources */ = {
			isa = PBXSourcesBuildPhase;
			buildActionMask = 2147483647;
			files = (
				D2EDC7711CCF16670091E435 /* Monster.m in Sources */,
				6DEEDFD61CC8F8BA00343239 /* AppDelegate.m in Sources */,
				D2EDC77B1CCF1BC80091E435 /* PlayerBuilder.m in Sources */,
				D20A8F2A1CC9D1FB00496121 /* CoreDataManager.m in Sources */,
				D2EDC76B1CCF15800091E435 /* Proxy.m in Sources */,
				6DEEDFD31CC8F8BA00343239 /* main.m in Sources */,
				D26708621CCE0950003253EA /* EmptySegue.m in Sources */,
				6D4E36F51CCE3595009FD201 /* BlockViewController.m in Sources */,
				6DE61DE71CCAEFFC00C21880 /* CodeViewController.m in Sources */,
				D26708461CCDC7BE003253EA /* ContainerViewController.m in Sources */,
				6DE61DEC1CCAF41000C21880 /* CodeMenuViewController.m in Sources */,
				D20A8F201CC9CAE900496121 /* PFXIOSStudy.xcdatamodeld in Sources */,
				D2EDC7651CCF11860091E435 /* Singleton.m in Sources */,
				D2EDC77E1CCF1BD40091E435 /* MonsterBuilder.m in Sources */,
				D20A8F091CC9C85C00496121 /* CoreDataTableViewController.m in Sources */,
				6D4E36FA1CCE3BBD009FD201 /* DispatchViewController.m in Sources */,
				D2EDC7681CCF129B0091E435 /* Prototype.m in Sources */,
				D26708491CCDC817003253EA /* SwapViewController.m in Sources */,
				D20A8F151CC9CA5200496121 /* StoryboardPerform.m in Sources */,
				D20A8F0C1CC9C87600496121 /* MenuTableViewController.m in Sources */,
				D2EDC7741CCF180B0091E435 /* Facade.m in Sources */,
				D2EDC7811CCF1C770091E435 /* Builder.m in Sources */,
			);
			runOnlyForDeploymentPostprocessing = 0;
		};
		D2EDC7521CCF10860091E435 /* Sources */ = {
			isa = PBXSourcesBuildPhase;
			buildActionMask = 2147483647;
			files = (
				D2EDC7591CCF10860091E435 /* DesignPatternTests.m in Sources */,
			);
			runOnlyForDeploymentPostprocessing = 0;
		};
/* End PBXSourcesBuildPhase section */

/* Begin PBXTargetDependency section */
		D2EDC75C1CCF10860091E435 /* PBXTargetDependency */ = {
			isa = PBXTargetDependency;
			target = 6DEEDFCD1CC8F8BA00343239 /* PFXIOSStudy */;
			targetProxy = D2EDC75B1CCF10860091E435 /* PBXContainerItemProxy */;
		};
/* End PBXTargetDependency section */

/* Begin XCBuildConfiguration section */
		6DEEDFE61CC8F8BA00343239 /* Debug */ = {
			isa = XCBuildConfiguration;
			buildSettings = {
				ALWAYS_SEARCH_USER_PATHS = NO;
				CLANG_ANALYZER_NONNULL = YES;
				CLANG_CXX_LANGUAGE_STANDARD = "gnu++0x";
				CLANG_CXX_LIBRARY = "libc++";
				CLANG_ENABLE_MODULES = YES;
				CLANG_ENABLE_OBJC_ARC = YES;
				CLANG_WARN_BOOL_CONVERSION = YES;
				CLANG_WARN_CONSTANT_CONVERSION = YES;
				CLANG_WARN_DIRECT_OBJC_ISA_USAGE = YES_ERROR;
				CLANG_WARN_EMPTY_BODY = YES;
				CLANG_WARN_ENUM_CONVERSION = YES;
				CLANG_WARN_INT_CONVERSION = YES;
				CLANG_WARN_OBJC_ROOT_CLASS = YES_ERROR;
				CLANG_WARN_UNREACHABLE_CODE = YES;
				CLANG_WARN__DUPLICATE_METHOD_MATCH = YES;
				"CODE_SIGN_IDENTITY[sdk=iphoneos*]" = "iPhone Developer";
				COPY_PHASE_STRIP = NO;
				DEBUG_INFORMATION_FORMAT = dwarf;
				ENABLE_STRICT_OBJC_MSGSEND = YES;
				ENABLE_TESTABILITY = YES;
				GCC_C_LANGUAGE_STANDARD = gnu99;
				GCC_DYNAMIC_NO_PIC = NO;
				GCC_NO_COMMON_BLOCKS = YES;
				GCC_OPTIMIZATION_LEVEL = 0;
				GCC_PREPROCESSOR_DEFINITIONS = (
					"DEBUG=1",
					"$(inherited)",
				);
				GCC_WARN_64_TO_32_BIT_CONVERSION = YES;
				GCC_WARN_ABOUT_RETURN_TYPE = YES_ERROR;
				GCC_WARN_UNDECLARED_SELECTOR = YES;
				GCC_WARN_UNINITIALIZED_AUTOS = YES_AGGRESSIVE;
				GCC_WARN_UNUSED_FUNCTION = YES;
				GCC_WARN_UNUSED_VARIABLE = YES;
				IPHONEOS_DEPLOYMENT_TARGET = 9.3;
				MTL_ENABLE_DEBUG_INFO = YES;
				ONLY_ACTIVE_ARCH = YES;
				SDKROOT = iphoneos;
			};
			name = Debug;
		};
		6DEEDFE71CC8F8BA00343239 /* Release */ = {
			isa = XCBuildConfiguration;
			buildSettings = {
				ALWAYS_SEARCH_USER_PATHS = NO;
				CLANG_ANALYZER_NONNULL = YES;
				CLANG_CXX_LANGUAGE_STANDARD = "gnu++0x";
				CLANG_CXX_LIBRARY = "libc++";
				CLANG_ENABLE_MODULES = YES;
				CLANG_ENABLE_OBJC_ARC = YES;
				CLANG_WARN_BOOL_CONVERSION = YES;
				CLANG_WARN_CONSTANT_CONVERSION = YES;
				CLANG_WARN_DIRECT_OBJC_ISA_USAGE = YES_ERROR;
				CLANG_WARN_EMPTY_BODY = YES;
				CLANG_WARN_ENUM_CONVERSION = YES;
				CLANG_WARN_INT_CONVERSION = YES;
				CLANG_WARN_OBJC_ROOT_CLASS = YES_ERROR;
				CLANG_WARN_UNREACHABLE_CODE = YES;
				CLANG_WARN__DUPLICATE_METHOD_MATCH = YES;
				"CODE_SIGN_IDENTITY[sdk=iphoneos*]" = "iPhone Developer";
				COPY_PHASE_STRIP = NO;
				DEBUG_INFORMATION_FORMAT = "dwarf-with-dsym";
				ENABLE_NS_ASSERTIONS = NO;
				ENABLE_STRICT_OBJC_MSGSEND = YES;
				GCC_C_LANGUAGE_STANDARD = gnu99;
				GCC_NO_COMMON_BLOCKS = YES;
				GCC_WARN_64_TO_32_BIT_CONVERSION = YES;
				GCC_WARN_ABOUT_RETURN_TYPE = YES_ERROR;
				GCC_WARN_UNDECLARED_SELECTOR = YES;
				GCC_WARN_UNINITIALIZED_AUTOS = YES_AGGRESSIVE;
				GCC_WARN_UNUSED_FUNCTION = YES;
				GCC_WARN_UNUSED_VARIABLE = YES;
				IPHONEOS_DEPLOYMENT_TARGET = 9.3;
				MTL_ENABLE_DEBUG_INFO = NO;
				SDKROOT = iphoneos;
				VALIDATE_PRODUCT = YES;
			};
			name = Release;
		};
		6DEEDFE91CC8F8BA00343239 /* Debug */ = {
			isa = XCBuildConfiguration;
			buildSettings = {
				ASSETCATALOG_COMPILER_APPICON_NAME = AppIcon;
				GCC_PREFIX_HEADER = "PFXIOSStudy/Supporting Files/PrefixHeader.pch";
				INFOPLIST_FILE = PFXIOSStudy/Info.plist;
				LD_RUNPATH_SEARCH_PATHS = "$(inherited) @executable_path/Frameworks";
				PRODUCT_BUNDLE_IDENTIFIER = com.pfxstudio.PFXIOSStudy;
				PRODUCT_NAME = "$(TARGET_NAME)";
			};
			name = Debug;
		};
		6DEEDFEA1CC8F8BA00343239 /* Release */ = {
			isa = XCBuildConfiguration;
			buildSettings = {
				ASSETCATALOG_COMPILER_APPICON_NAME = AppIcon;
				GCC_PREFIX_HEADER = "PFXIOSStudy/Supporting Files/PrefixHeader.pch";
				INFOPLIST_FILE = PFXIOSStudy/Info.plist;
				LD_RUNPATH_SEARCH_PATHS = "$(inherited) @executable_path/Frameworks";
				PRODUCT_BUNDLE_IDENTIFIER = com.pfxstudio.PFXIOSStudy;
				PRODUCT_NAME = "$(TARGET_NAME)";
			};
			name = Release;
		};
		D2EDC75D1CCF10860091E435 /* Debug */ = {
			isa = XCBuildConfiguration;
			buildSettings = {
				BUNDLE_LOADER = "$(TEST_HOST)";
				INFOPLIST_FILE = DesignPatternTests/Info.plist;
				LD_RUNPATH_SEARCH_PATHS = "$(inherited) @executable_path/Frameworks @loader_path/Frameworks";
				PRODUCT_BUNDLE_IDENTIFIER = com.pfxstudio.DesignPatternTests;
				PRODUCT_NAME = "$(TARGET_NAME)";
				TEST_HOST = "$(BUILT_PRODUCTS_DIR)/PFXIOSStudy.app/PFXIOSStudy";
			};
			name = Debug;
		};
		D2EDC75E1CCF10860091E435 /* Release */ = {
			isa = XCBuildConfiguration;
			buildSettings = {
				BUNDLE_LOADER = "$(TEST_HOST)";
				INFOPLIST_FILE = DesignPatternTests/Info.plist;
				LD_RUNPATH_SEARCH_PATHS = "$(inherited) @executable_path/Frameworks @loader_path/Frameworks";
				PRODUCT_BUNDLE_IDENTIFIER = com.pfxstudio.DesignPatternTests;
				PRODUCT_NAME = "$(TARGET_NAME)";
				TEST_HOST = "$(BUILT_PRODUCTS_DIR)/PFXIOSStudy.app/PFXIOSStudy";
			};
			name = Release;
		};
/* End XCBuildConfiguration section */

/* Begin XCConfigurationList section */
		6DEEDFC91CC8F8BA00343239 /* Build configuration list for PBXProject "PFXIOSStudy" */ = {
			isa = XCConfigurationList;
			buildConfigurations = (
				6DEEDFE61CC8F8BA00343239 /* Debug */,
				6DEEDFE71CC8F8BA00343239 /* Release */,
			);
			defaultConfigurationIsVisible = 0;
			defaultConfigurationName = Release;
		};
		6DEEDFE81CC8F8BA00343239 /* Build configuration list for PBXNativeTarget "PFXIOSStudy" */ = {
			isa = XCConfigurationList;
			buildConfigurations = (
				6DEEDFE91CC8F8BA00343239 /* Debug */,
				6DEEDFEA1CC8F8BA00343239 /* Release */,
			);
			defaultConfigurationIsVisible = 0;
			defaultConfigurationName = Release;
		};
		D2EDC75F1CCF10860091E435 /* Build configuration list for PBXNativeTarget "DesignPatternTests" */ = {
			isa = XCConfigurationList;
			buildConfigurations = (
				D2EDC75D1CCF10860091E435 /* Debug */,
				D2EDC75E1CCF10860091E435 /* Release */,
			);
			defaultConfigurationIsVisible = 0;
		};
/* End XCConfigurationList section */

/* Begin XCVersionGroup section */
		D20A8F1E1CC9CAE900496121 /* PFXIOSStudy.xcdatamodeld */ = {
			isa = XCVersionGroup;
			children = (
				D20A8F1F1CC9CAE900496121 /* PFXIOSStudy.xcdatamodel */,
			);
			currentVersion = D20A8F1F1CC9CAE900496121 /* PFXIOSStudy.xcdatamodel */;
			path = PFXIOSStudy.xcdatamodeld;
			sourceTree = "<group>";
			versionGroupType = wrapper.xcdatamodel;
		};
/* End XCVersionGroup section */
	};
	rootObject = 6DEEDFC61CC8F8BA00343239 /* Project object */;
}
